{
  "dependencies": {
    "ims-lti": {
      "version": "3.0.1",
      "dependencies": {
        "xml2js": {
          "version": "0.4.13",
          "dependencies": {
            "sax": {
              "version": "1.1.4"
            }
          }
        },
        "xmlbuilder": {
          "version": "2.4.6",
          "dependencies": {
            "lodash-node": {
              "version": "2.4.1"
            }
          }
        },
        "node-uuid": {
          "version": "1.4.3"
        }
      }
    }
  }
}
